
Microsoft Visual Studio Solution File, Format Version 12.00
# Visual Studio Version 17
VisualStudioVersion = 17.9.34728.123
MinimumVisualStudioVersion = 10.0.40219.1
Project("{FAE04EC0-301F-11D3-BF4B-00C04F79EFBC}") = "Labb 1 – Implemementera", "Labb 1 – Implemementera.csproj", "{F26DB6DF-E92D-48BC-BD17-79EFE909D0F9}"
EndProject
Global
	GlobalSection(SolutionConfigurationPlatforms) = preSolution
		Debug|Any CPU = Debug|Any CPU
		Release|Any CPU = Release|Any CPU
	EndGlobalSection
	GlobalSection(ProjectConfigurationPlatforms) = postSolution
		{F26DB6DF-E92D-48BC-BD17-79EFE909D0F9}.Debug|Any CPU.ActiveCfg = Debug|Any CPU
		{F26DB6DF-E92D-48BC-BD17-79EFE909D0F9}.Debug|Any CPU.Build.0 = Debug|Any CPU
		{F26DB6DF-E92D-48BC-BD17-79EFE909D0F9}.Release|Any CPU.ActiveCfg = Release|Any CPU
		{F26DB6DF-E92D-48BC-BD17-79EFE909D0F9}.Release|Any CPU.Build.0 = Release|Any CPU
	EndGlobalSection
	GlobalSection(SolutionProperties) = preSolution
		HideSolutionNode = FALSE
	EndGlobalSection
	GlobalSection(ExtensibilityGlobals) = postSolution
		SolutionGuid = {8AB99B51-E952-433A-B8B9-CBCB3BC3ADD3}
	EndGlobalSection
EndGlobal
